{
  "version": 4,
  "terraform_version": "1.10.5",
  "serial": 5,
  "lineage": "15bec7fb-62d6-d366-4470-00e5b76f920d",
  "outputs": {},
  "resources": [
    {
      "mode": "data",
      "type": "archive_file",
      "name": "zip",
      "provider": "provider[\"registry.terraform.io/hashicorp/archive\"]",
      "instances": [
        {
          "schema_version": 0,
          "attributes": {
            "exclude_symlink_directories": null,
            "excludes": null,
            "id": "69e1a35d298207c6ada5ca529c32a0d4e7b2cfc7",
            "output_base64sha256": "FF4n/NemU/iLgB2H5xAtPqlAXFdzOkGbh3mIwGZvvmI=",
            "output_base64sha512": "I/wKoOu5qidzhMBzwWzFElaELNJucYUuZj569eg4HQLlifFptVS5plIq5prk7XDN8UeHVoHjLDNjRJrp7lv0Lw==",
            "output_file_mode": null,
            "output_md5": "7efcbfefabc5088e9aee53db59e4a7eb",
            "output_path": "./packedlambda.zip",
            "output_sha": "69e1a35d298207c6ada5ca529c32a0d4e7b2cfc7",
            "output_sha256": "145e27fcd7a653f88b801d87e7102d3ea9405c57733a419b877988c0666fbe62",
            "output_sha512": "23fc0aa0ebb9aa277384c073c16cc51256842cd26e71852e663e7af5e8381d02e589f169b554b9a6522ae69ae4ed70cdf147875681e32c3363449ae9ee5bf42f",
            "output_size": 508,
            "source": [],
            "source_content": null,
            "source_content_filename": null,
            "source_dir": "./lambda/",
            "source_file": null,
            "type": "zip"
          },
          "sensitive_attributes": []
        }
      ]
    },
    {
      "mode": "managed",
      "type": "aws_iam_role",
      "name": "iam_for_lambda",
      "provider": "provider[\"registry.terraform.io/hashicorp/aws\"]",
      "instances": [
        {
          "schema_version": 0,
          "attributes": {
            "arn": "arn:aws:iam::593793049304:role/iam_for_lambda",
            "assume_role_policy": "{\"Statement\":[{\"Action\":\"sts:AssumeRole\",\"Effect\":\"Allow\",\"Principal\":{\"Service\":\"lambda.amazonaws.com\"},\"Sid\":\"\"}],\"Version\":\"2012-10-17\"}",
            "create_date": "2025-02-03T17:44:14Z",
            "description": "",
            "force_detach_policies": false,
            "id": "iam_for_lambda",
            "inline_policy": [],
            "managed_policy_arns": [],
            "max_session_duration": 3600,
            "name": "iam_for_lambda",
            "name_prefix": "",
            "path": "/",
            "permissions_boundary": "",
            "tags": {},
            "tags_all": {},
            "unique_id": "AROAYUQGS4LMPMWDG45FW"
          },
          "sensitive_attributes": [],
          "private": "bnVsbA=="
        }
      ]
    }
  ],
  "check_results": null
}
